
Microsoft Visual Studio Solution File, Format Version 12.00
# Visual Studio Version 16
VisualStudioVersion = 25.0.1706.12
MinimumVisualStudioVersion = 10.0.40219.1
Project("{FAE04EC0-301F-11D3-BF4B-00C04F79EFBC}") = "EduMax", "EduMax\EduMax.csproj", "{EF46EB9B-B969-4482-A77D-820DD3D50703}"
EndProject
Global
	GlobalSection(SolutionConfigurationPlatforms) = preSolution
		Debug|Any CPU = Debug|Any CPU
		Release|Any CPU = Release|Any CPU
	EndGlobalSection
	GlobalSection(ProjectConfigurationPlatforms) = postSolution
		{EF46EB9B-B969-4482-A77D-820DD3D50703}.Debug|Any CPU.ActiveCfg = Debug|Any CPU
		{EF46EB9B-B969-4482-A77D-820DD3D50703}.Debug|Any CPU.Build.0 = Debug|Any CPU
		{EF46EB9B-B969-4482-A77D-820DD3D50703}.Release|Any CPU.ActiveCfg = Release|Any CPU
		{EF46EB9B-B969-4482-A77D-820DD3D50703}.Release|Any CPU.Build.0 = Release|Any CPU
	EndGlobalSection
	GlobalSection(SolutionProperties) = preSolution
		HideSolutionNode = FALSE
	EndGlobalSection
	GlobalSection(ExtensibilityGlobals) = postSolution
		SolutionGuid = {E2AF0369-AE51-4E2F-8C3D-04C045349995}
	EndGlobalSection
EndGlobal
